
Microsoft Visual Studio Solution File, Format Version 12.00
# Visual Studio Version 17
VisualStudioVersion = 17.9.34616.47
MinimumVisualStudioVersion = 10.0.40219.1
Project("{FAE04EC0-301F-11D3-BF4B-00C04F79EFBC}") = "ProgPoeWPF", "ProgPoeWPF\ProgPoeWPF.csproj", "{7FC7E98E-BDD6-492A-A8BF-D704D51E61C2}"
EndProject
Global
	GlobalSection(SolutionConfigurationPlatforms) = preSolution
		Debug|Any CPU = Debug|Any CPU
		Release|Any CPU = Release|Any CPU
	EndGlobalSection
	GlobalSection(ProjectConfigurationPlatforms) = postSolution
		{7FC7E98E-BDD6-492A-A8BF-D704D51E61C2}.Debug|Any CPU.ActiveCfg = Debug|Any CPU
		{7FC7E98E-BDD6-492A-A8BF-D704D51E61C2}.Debug|Any CPU.Build.0 = Debug|Any CPU
		{7FC7E98E-BDD6-492A-A8BF-D704D51E61C2}.Release|Any CPU.ActiveCfg = Release|Any CPU
		{7FC7E98E-BDD6-492A-A8BF-D704D51E61C2}.Release|Any CPU.Build.0 = Release|Any CPU
	EndGlobalSection
	GlobalSection(SolutionProperties) = preSolution
		HideSolutionNode = FALSE
	EndGlobalSection
	GlobalSection(ExtensibilityGlobals) = postSolution
		SolutionGuid = {29AD8AF2-5194-473A-BC3C-461BF671A7EF}
	EndGlobalSection
EndGlobal
